
Microsoft Visual Studio Solution File, Format Version 12.00
# Visual Studio 15
VisualStudioVersion = 15.0.26124.0
MinimumVisualStudioVersion = 15.0.26124.0
Project("{FAE04EC0-301F-11D3-BF4B-00C04F79EFBC}") = "Web.Api", "Web.Api\Web.Api.csproj", "{D81C9A3A-070A-4822-A743-A3A620B6A974}"
EndProject
Project("{FAE04EC0-301F-11D3-BF4B-00C04F79EFBC}") = "Web.Api.Core", "Web.Api.Core\Web.Api.Core.csproj", "{49E8AD6F-655B-48B5-AA03-D4FE1BA09311}"
EndProject
Project("{FAE04EC0-301F-11D3-BF4B-00C04F79EFBC}") = "Web.Api.Infrastructure", "Web.Api.Infrastructure\Web.Api.Infrastructure.csproj", "{7F3B76B0-B43B-4C9A-BFBF-5032F1839019}"
EndProject
Project("{FAE04EC0-301F-11D3-BF4B-00C04F79EFBC}") = "Web.Api.Tests", "Web.Api.Tests\Web.Api.Tests.csproj", "{1D2A545A-F22E-4A71-A456-6791FC15730C}"
EndProject
Global
	GlobalSection(SolutionConfigurationPlatforms) = preSolution
		Debug|Any CPU = Debug|Any CPU
		Debug|x64 = Debug|x64
		Debug|x86 = Debug|x86
		Release|Any CPU = Release|Any CPU
		Release|x64 = Release|x64
		Release|x86 = Release|x86
	EndGlobalSection
	GlobalSection(SolutionProperties) = preSolution
		HideSolutionNode = FALSE
	EndGlobalSection
	GlobalSection(ProjectConfigurationPlatforms) = postSolution
		{D81C9A3A-070A-4822-A743-A3A620B6A974}.Debug|Any CPU.ActiveCfg = Debug|Any CPU
		{D81C9A3A-070A-4822-A743-A3A620B6A974}.Debug|Any CPU.Build.0 = Debug|Any CPU
		{D81C9A3A-070A-4822-A743-A3A620B6A974}.Debug|x64.ActiveCfg = Debug|Any CPU
		{D81C9A3A-070A-4822-A743-A3A620B6A974}.Debug|x64.Build.0 = Debug|Any CPU
		{D81C9A3A-070A-4822-A743-A3A620B6A974}.Debug|x86.ActiveCfg = Debug|Any CPU
		{D81C9A3A-070A-4822-A743-A3A620B6A974}.Debug|x86.Build.0 = Debug|Any CPU
		{D81C9A3A-070A-4822-A743-A3A620B6A974}.Release|Any CPU.ActiveCfg = Release|Any CPU
		{D81C9A3A-070A-4822-A743-A3A620B6A974}.Release|Any CPU.Build.0 = Release|Any CPU
		{D81C9A3A-070A-4822-A743-A3A620B6A974}.Release|x64.ActiveCfg = Release|Any CPU
		{D81C9A3A-070A-4822-A743-A3A620B6A974}.Release|x64.Build.0 = Release|Any CPU
		{D81C9A3A-070A-4822-A743-A3A620B6A974}.Release|x86.ActiveCfg = Release|Any CPU
		{D81C9A3A-070A-4822-A743-A3A620B6A974}.Release|x86.Build.0 = Release|Any CPU
		{49E8AD6F-655B-48B5-AA03-D4FE1BA09311}.Debug|Any CPU.ActiveCfg = Debug|Any CPU
		{49E8AD6F-655B-48B5-AA03-D4FE1BA09311}.Debug|Any CPU.Build.0 = Debug|Any CPU
		{49E8AD6F-655B-48B5-AA03-D4FE1BA09311}.Debug|x64.ActiveCfg = Debug|Any CPU
		{49E8AD6F-655B-48B5-AA03-D4FE1BA09311}.Debug|x64.Build.0 = Debug|Any CPU
		{49E8AD6F-655B-48B5-AA03-D4FE1BA09311}.Debug|x86.ActiveCfg = Debug|Any CPU
		{49E8AD6F-655B-48B5-AA03-D4FE1BA09311}.Debug|x86.Build.0 = Debug|Any CPU
		{49E8AD6F-655B-48B5-AA03-D4FE1BA09311}.Release|Any CPU.ActiveCfg = Release|Any CPU
		{49E8AD6F-655B-48B5-AA03-D4FE1BA09311}.Release|Any CPU.Build.0 = Release|Any CPU
		{49E8AD6F-655B-48B5-AA03-D4FE1BA09311}.Release|x64.ActiveCfg = Release|Any CPU
		{49E8AD6F-655B-48B5-AA03-D4FE1BA09311}.Release|x64.Build.0 = Release|Any CPU
		{49E8AD6F-655B-48B5-AA03-D4FE1BA09311}.Release|x86.ActiveCfg = Release|Any CPU
		{49E8AD6F-655B-48B5-AA03-D4FE1BA09311}.Release|x86.Build.0 = Release|Any CPU
		{7F3B76B0-B43B-4C9A-BFBF-5032F1839019}.Debug|Any CPU.ActiveCfg = Debug|Any CPU
		{7F3B76B0-B43B-4C9A-BFBF-5032F1839019}.Debug|Any CPU.Build.0 = Debug|Any CPU
		{7F3B76B0-B43B-4C9A-BFBF-5032F1839019}.Debug|x64.ActiveCfg = Debug|Any CPU
		{7F3B76B0-B43B-4C9A-BFBF-5032F1839019}.Debug|x64.Build.0 = Debug|Any CPU
		{7F3B76B0-B43B-4C9A-BFBF-5032F1839019}.Debug|x86.ActiveCfg = Debug|Any CPU
		{7F3B76B0-B43B-4C9A-BFBF-5032F1839019}.Debug|x86.Build.0 = Debug|Any CPU
		{7F3B76B0-B43B-4C9A-BFBF-5032F1839019}.Release|Any CPU.ActiveCfg = Release|Any CPU
		{7F3B76B0-B43B-4C9A-BFBF-5032F1839019}.Release|Any CPU.Build.0 = Release|Any CPU
		{7F3B76B0-B43B-4C9A-BFBF-5032F1839019}.Release|x64.ActiveCfg = Release|Any CPU
		{7F3B76B0-B43B-4C9A-BFBF-5032F1839019}.Release|x64.Build.0 = Release|Any CPU
		{7F3B76B0-B43B-4C9A-BFBF-5032F1839019}.Release|x86.ActiveCfg = Release|Any CPU
		{7F3B76B0-B43B-4C9A-BFBF-5032F1839019}.Release|x86.Build.0 = Release|Any CPU
		{1D2A545A-F22E-4A71-A456-6791FC15730C}.Debug|Any CPU.ActiveCfg = Debug|Any CPU
		{1D2A545A-F22E-4A71-A456-6791FC15730C}.Debug|Any CPU.Build.0 = Debug|Any CPU
		{1D2A545A-F22E-4A71-A456-6791FC15730C}.Debug|x64.ActiveCfg = Debug|Any CPU
		{1D2A545A-F22E-4A71-A456-6791FC15730C}.Debug|x64.Build.0 = Debug|Any CPU
		{1D2A545A-F22E-4A71-A456-6791FC15730C}.Debug|x86.ActiveCfg = Debug|Any CPU
		{1D2A545A-F22E-4A71-A456-6791FC15730C}.Debug|x86.Build.0 = Debug|Any CPU
		{1D2A545A-F22E-4A71-A456-6791FC15730C}.Release|Any CPU.ActiveCfg = Release|Any CPU
		{1D2A545A-F22E-4A71-A456-6791FC15730C}.Release|Any CPU.Build.0 = Release|Any CPU
		{1D2A545A-F22E-4A71-A456-6791FC15730C}.Release|x64.ActiveCfg = Release|Any CPU
		{1D2A545A-F22E-4A71-A456-6791FC15730C}.Release|x64.Build.0 = Release|Any CPU
		{1D2A545A-F22E-4A71-A456-6791FC15730C}.Release|x86.ActiveCfg = Release|Any CPU
		{1D2A545A-F22E-4A71-A456-6791FC15730C}.Release|x86.Build.0 = Release|Any CPU
	EndGlobalSection
EndGlobal
